
Microsoft Visual Studio Solution File, Format Version 12.00
# Visual Studio Version 16
VisualStudioVersion = 16.0.33130.400
MinimumVisualStudioVersion = 10.0.40219.1
Project("{FAE04EC0-301F-11D3-BF4B-00C04F79EFBC}") = "WebApplication", "WebApplication\WebApplication.csproj", "{171A20B0-8AA8-40D3-992B-D59C491FF968}"
EndProject
Global
	GlobalSection(SolutionConfigurationPlatforms) = preSolution
		Debug|Any CPU = Debug|Any CPU
		Release|Any CPU = Release|Any CPU
	EndGlobalSection
	GlobalSection(ProjectConfigurationPlatforms) = postSolution
		{171A20B0-8AA8-40D3-992B-D59C491FF968}.Debug|Any CPU.ActiveCfg = Debug|Any CPU
		{171A20B0-8AA8-40D3-992B-D59C491FF968}.Debug|Any CPU.Build.0 = Debug|Any CPU
		{171A20B0-8AA8-40D3-992B-D59C491FF968}.Release|Any CPU.ActiveCfg = Release|Any CPU
		{171A20B0-8AA8-40D3-992B-D59C491FF968}.Release|Any CPU.Build.0 = Release|Any CPU
	EndGlobalSection
	GlobalSection(SolutionProperties) = preSolution
		HideSolutionNode = FALSE
	EndGlobalSection
	GlobalSection(ExtensibilityGlobals) = postSolution
		SolutionGuid = {584342DB-4AB9-41B0-A6EC-5178BCB44B70}
	EndGlobalSection
EndGlobal
